
Microsoft Visual Studio Solution File, Format Version 12.00
# Visual Studio Version 17
VisualStudioVersion = 17.1.32328.378
MinimumVisualStudioVersion = 10.0.40219.1
Project("{2150E333-8FDC-42A3-9474-1A3956D46DE8}") = "Database", "Database", "{2AC039D8-8979-4DED-A382-5B60BCFA67AF}"
EndProject
Project("{2150E333-8FDC-42A3-9474-1A3956D46DE8}") = "Libraries", "Libraries", "{9A1CCCAE-4D4D-4C87-9C9D-34F87E46726A}"
EndProject
Project("{2150E333-8FDC-42A3-9474-1A3956D46DE8}") = "Modules", "Modules", "{6A144302-D20E-45E8-8810-8F5ED7038966}"
EndProject
Project("{2150E333-8FDC-42A3-9474-1A3956D46DE8}") = "UI", "UI", "{0BF54261-088F-44D1-B4DC-A76F9613D588}"
EndProject
Project("{00D1A9C2-B5F0-4AF3-8072-F6C62B433612}") = "CollectionServiceOrders.DB", "CollectionServiceOrders.DB\CollectionServiceOrders.DB.sqlproj", "{5FEFB3B8-0812-4578-B5A6-4D2D61F715E7}"
EndProject
Project("{9A19103F-16F7-4668-BE54-9A1E7A4F7556}") = "CollectionServiceOrders.Core", "CollectionServiceOrders.Core\CollectionServiceOrders.Core.csproj", "{7FD7DBE3-C94E-4D6D-9A79-2589F9FB7C15}"
EndProject
Project("{9A19103F-16F7-4668-BE54-9A1E7A4F7556}") = "CollectionServiceOrders.UI", "CollectionServiceOrders.UI\CollectionServiceOrders.UI.csproj", "{109D21F4-6FF1-4E09-BF67-DEDC79082DFF}"
EndProject
Project("{FAE04EC0-301F-11D3-BF4B-00C04F79EFBC}") = "About.Module", "Modules\About.Module\About.Module.csproj", "{F4C10683-FFC2-4592-86E6-DB79159D1E13}"
EndProject
Project("{FAE04EC0-301F-11D3-BF4B-00C04F79EFBC}") = "CutoffScreen.Module", "Modules\CutoffScreen.Module\CutoffScreen.Module.csproj", "{D60D4C56-BF40-4C2E-9C85-8B9925C4FBC6}"
EndProject
Project("{FAE04EC0-301F-11D3-BF4B-00C04F79EFBC}") = "AdditionalDeposit.Module", "Modules\AdditionalDeposit.Module\AdditionalDeposit.Module.csproj", "{B166BAFA-0F5C-40E1-AF62-D86021508870}"
EndProject
Project("{FAE04EC0-301F-11D3-BF4B-00C04F79EFBC}") = "AdhocReport.Module", "Modules\AdhocReport.Module\AdhocReport.Module.csproj", "{8865D6EA-4E48-4135-8BF4-223EB5AA461E}"
EndProject
Project("{FAE04EC0-301F-11D3-BF4B-00C04F79EFBC}") = "AddNewCutoff.Module", "Modules\AddNewCutoff.Module\AddNewCutoff.Module.csproj", "{38D62E44-6538-47A1-9E18-57F112AF00E4}"
EndProject
Project("{FAE04EC0-301F-11D3-BF4B-00C04F79EFBC}") = "SearchForCutoff.Module", "Modules\SearchForCutoff.Module\SearchForCutoff.Module.csproj", "{A4189F57-55A3-4307-A589-41BD97A59D5E}"
EndProject
Project("{FAE04EC0-301F-11D3-BF4B-00C04F79EFBC}") = "ImportDataFromDaffron.Module", "Modules\ImportDataFromDaffron.Module\ImportDataFromDaffron.Module.csproj", "{581884E4-8B45-4A06-B800-AB53DD8718B2}"
EndProject
Project("{FAE04EC0-301F-11D3-BF4B-00C04F79EFBC}") = "Administration.Module", "Modules\Administration.Module\Administration.Module.csproj", "{E8182851-29B1-4895-8252-9EF50A0637CE}"
EndProject
Project("{2150E333-8FDC-42A3-9474-1A3956D46DE8}") = "Solution Items", "Solution Items", "{F1A303AD-8DB9-4623-8418-D48B64DB8B6D}"
EndProject
Global
	GlobalSection(SolutionConfigurationPlatforms) = preSolution
		Debug|Any CPU = Debug|Any CPU
		Release|Any CPU = Release|Any CPU
	EndGlobalSection
	GlobalSection(ProjectConfigurationPlatforms) = postSolution
		{5FEFB3B8-0812-4578-B5A6-4D2D61F715E7}.Debug|Any CPU.ActiveCfg = Debug|Any CPU
		{5FEFB3B8-0812-4578-B5A6-4D2D61F715E7}.Debug|Any CPU.Build.0 = Debug|Any CPU
		{5FEFB3B8-0812-4578-B5A6-4D2D61F715E7}.Debug|Any CPU.Deploy.0 = Debug|Any CPU
		{5FEFB3B8-0812-4578-B5A6-4D2D61F715E7}.Release|Any CPU.ActiveCfg = Release|Any CPU
		{5FEFB3B8-0812-4578-B5A6-4D2D61F715E7}.Release|Any CPU.Build.0 = Release|Any CPU
		{5FEFB3B8-0812-4578-B5A6-4D2D61F715E7}.Release|Any CPU.Deploy.0 = Release|Any CPU
		{7FD7DBE3-C94E-4D6D-9A79-2589F9FB7C15}.Debug|Any CPU.ActiveCfg = Debug|Any CPU
		{7FD7DBE3-C94E-4D6D-9A79-2589F9FB7C15}.Debug|Any CPU.Build.0 = Debug|Any CPU
		{7FD7DBE3-C94E-4D6D-9A79-2589F9FB7C15}.Release|Any CPU.ActiveCfg = Release|Any CPU
		{7FD7DBE3-C94E-4D6D-9A79-2589F9FB7C15}.Release|Any CPU.Build.0 = Release|Any CPU
		{109D21F4-6FF1-4E09-BF67-DEDC79082DFF}.Debug|Any CPU.ActiveCfg = Debug|Any CPU
		{109D21F4-6FF1-4E09-BF67-DEDC79082DFF}.Debug|Any CPU.Build.0 = Debug|Any CPU
		{109D21F4-6FF1-4E09-BF67-DEDC79082DFF}.Release|Any CPU.ActiveCfg = Release|Any CPU
		{109D21F4-6FF1-4E09-BF67-DEDC79082DFF}.Release|Any CPU.Build.0 = Release|Any CPU
		{F4C10683-FFC2-4592-86E6-DB79159D1E13}.Debug|Any CPU.ActiveCfg = Debug|Any CPU
		{F4C10683-FFC2-4592-86E6-DB79159D1E13}.Debug|Any CPU.Build.0 = Debug|Any CPU
		{F4C10683-FFC2-4592-86E6-DB79159D1E13}.Release|Any CPU.ActiveCfg = Release|Any CPU
		{F4C10683-FFC2-4592-86E6-DB79159D1E13}.Release|Any CPU.Build.0 = Release|Any CPU
		{D60D4C56-BF40-4C2E-9C85-8B9925C4FBC6}.Debug|Any CPU.ActiveCfg = Debug|Any CPU
		{D60D4C56-BF40-4C2E-9C85-8B9925C4FBC6}.Debug|Any CPU.Build.0 = Debug|Any CPU
		{D60D4C56-BF40-4C2E-9C85-8B9925C4FBC6}.Release|Any CPU.ActiveCfg = Release|Any CPU
		{D60D4C56-BF40-4C2E-9C85-8B9925C4FBC6}.Release|Any CPU.Build.0 = Release|Any CPU
		{B166BAFA-0F5C-40E1-AF62-D86021508870}.Debug|Any CPU.ActiveCfg = Debug|Any CPU
		{B166BAFA-0F5C-40E1-AF62-D86021508870}.Debug|Any CPU.Build.0 = Debug|Any CPU
		{B166BAFA-0F5C-40E1-AF62-D86021508870}.Release|Any CPU.ActiveCfg = Release|Any CPU
		{B166BAFA-0F5C-40E1-AF62-D86021508870}.Release|Any CPU.Build.0 = Release|Any CPU
		{8865D6EA-4E48-4135-8BF4-223EB5AA461E}.Debug|Any CPU.ActiveCfg = Debug|Any CPU
		{8865D6EA-4E48-4135-8BF4-223EB5AA461E}.Debug|Any CPU.Build.0 = Debug|Any CPU
		{8865D6EA-4E48-4135-8BF4-223EB5AA461E}.Release|Any CPU.ActiveCfg = Release|Any CPU
		{8865D6EA-4E48-4135-8BF4-223EB5AA461E}.Release|Any CPU.Build.0 = Release|Any CPU
		{38D62E44-6538-47A1-9E18-57F112AF00E4}.Debug|Any CPU.ActiveCfg = Debug|Any CPU
		{38D62E44-6538-47A1-9E18-57F112AF00E4}.Debug|Any CPU.Build.0 = Debug|Any CPU
		{38D62E44-6538-47A1-9E18-57F112AF00E4}.Release|Any CPU.ActiveCfg = Release|Any CPU
		{38D62E44-6538-47A1-9E18-57F112AF00E4}.Release|Any CPU.Build.0 = Release|Any CPU
		{A4189F57-55A3-4307-A589-41BD97A59D5E}.Debug|Any CPU.ActiveCfg = Debug|Any CPU
		{A4189F57-55A3-4307-A589-41BD97A59D5E}.Debug|Any CPU.Build.0 = Debug|Any CPU
		{A4189F57-55A3-4307-A589-41BD97A59D5E}.Release|Any CPU.ActiveCfg = Release|Any CPU
		{A4189F57-55A3-4307-A589-41BD97A59D5E}.Release|Any CPU.Build.0 = Release|Any CPU
		{581884E4-8B45-4A06-B800-AB53DD8718B2}.Debug|Any CPU.ActiveCfg = Debug|Any CPU
		{581884E4-8B45-4A06-B800-AB53DD8718B2}.Debug|Any CPU.Build.0 = Debug|Any CPU
		{581884E4-8B45-4A06-B800-AB53DD8718B2}.Release|Any CPU.ActiveCfg = Release|Any CPU
		{581884E4-8B45-4A06-B800-AB53DD8718B2}.Release|Any CPU.Build.0 = Release|Any CPU
		{E8182851-29B1-4895-8252-9EF50A0637CE}.Debug|Any CPU.ActiveCfg = Debug|Any CPU
		{E8182851-29B1-4895-8252-9EF50A0637CE}.Debug|Any CPU.Build.0 = Debug|Any CPU
		{E8182851-29B1-4895-8252-9EF50A0637CE}.Release|Any CPU.ActiveCfg = Release|Any CPU
		{E8182851-29B1-4895-8252-9EF50A0637CE}.Release|Any CPU.Build.0 = Release|Any CPU
	EndGlobalSection
	GlobalSection(SolutionProperties) = preSolution
		HideSolutionNode = FALSE
	EndGlobalSection
	GlobalSection(NestedProjects) = preSolution
		{5FEFB3B8-0812-4578-B5A6-4D2D61F715E7} = {2AC039D8-8979-4DED-A382-5B60BCFA67AF}
		{7FD7DBE3-C94E-4D6D-9A79-2589F9FB7C15} = {9A1CCCAE-4D4D-4C87-9C9D-34F87E46726A}
		{109D21F4-6FF1-4E09-BF67-DEDC79082DFF} = {0BF54261-088F-44D1-B4DC-A76F9613D588}
		{F4C10683-FFC2-4592-86E6-DB79159D1E13} = {6A144302-D20E-45E8-8810-8F5ED7038966}
		{D60D4C56-BF40-4C2E-9C85-8B9925C4FBC6} = {6A144302-D20E-45E8-8810-8F5ED7038966}
		{B166BAFA-0F5C-40E1-AF62-D86021508870} = {6A144302-D20E-45E8-8810-8F5ED7038966}
		{8865D6EA-4E48-4135-8BF4-223EB5AA461E} = {6A144302-D20E-45E8-8810-8F5ED7038966}
		{38D62E44-6538-47A1-9E18-57F112AF00E4} = {6A144302-D20E-45E8-8810-8F5ED7038966}
		{A4189F57-55A3-4307-A589-41BD97A59D5E} = {6A144302-D20E-45E8-8810-8F5ED7038966}
		{581884E4-8B45-4A06-B800-AB53DD8718B2} = {6A144302-D20E-45E8-8810-8F5ED7038966}
		{E8182851-29B1-4895-8252-9EF50A0637CE} = {6A144302-D20E-45E8-8810-8F5ED7038966}
	EndGlobalSection
	GlobalSection(ExtensibilityGlobals) = postSolution
		SolutionGuid = {750CF3B0-4B0F-44FA-846C-396E7A2FF9FA}
	EndGlobalSection
EndGlobal
